// !$*UTF8*$!
{
	archiveVersion = 1;
	classes = {
	};
	objectVersion = 55;
	objects = {

/* Begin PBXBuildFile section */
		3A441EDA26C42F4B00A35046 /* main.swift in Sources */ = {isa = PBXBuildFile; fileRef = 3A441ED926C42F4B00A35046 /* main.swift */; };
		3A441EE126C4303900A35046 /* 2. Missing number.swift in Sources */ = {isa = PBXBuildFile; fileRef = 3A441EE026C4303900A35046 /* 2. Missing number.swift */; };
		3A441EE326C4308F00A35046 /* 1. Contains Duplicate.swift in Sources */ = {isa = PBXBuildFile; fileRef = 3A441EE226C4308F00A35046 /* 1. Contains Duplicate.swift */; };
		3AAAC10326C457EB00E4C994 /* 3. Find All Numbers Disappeared in an Array.swift in Sources */ = {isa = PBXBuildFile; fileRef = 3AAAC10226C457EB00E4C994 /* 3. Find All Numbers Disappeared in an Array.swift */; };
		3ABF220626C52DE300C59FE3 /* 4. Single Number.swift in Sources */ = {isa = PBXBuildFile; fileRef = 3ABF220526C52DE300C59FE3 /* 4. Single Number.swift */; };
		3ABF220826C532F900C59FE3 /* 5. Climbing Stairs.swift in Sources */ = {isa = PBXBuildFile; fileRef = 3ABF220726C532F900C59FE3 /* 5. Climbing Stairs.swift */; };
/* End PBXBuildFile section */

/* Begin PBXCopyFilesBuildPhase section */
		3A441ED426C42F4B00A35046 /* CopyFiles */ = {
			isa = PBXCopyFilesBuildPhase;
			buildActionMask = 2147483647;
			dstPath = /usr/share/man/man1/;
			dstSubfolderSpec = 0;
			files = (
			);
			runOnlyForDeploymentPostprocessing = 1;
		};
/* End PBXCopyFilesBuildPhase section */

/* Begin PBXFileReference section */
		3A441ED626C42F4B00A35046 /* LeetcodePatterns */ = {isa = PBXFileReference; explicitFileType = "compiled.mach-o.executable"; includeInIndex = 0; path = LeetcodePatterns; sourceTree = BUILT_PRODUCTS_DIR; };
		3A441ED926C42F4B00A35046 /* main.swift */ = {isa = PBXFileReference; lastKnownFileType = sourcecode.swift; path = main.swift; sourceTree = "<group>"; };
		3A441EE026C4303900A35046 /* 2. Missing number.swift */ = {isa = PBXFileReference; lastKnownFileType = sourcecode.swift; path = "2. Missing number.swift"; sourceTree = "<group>"; };
		3A441EE226C4308F00A35046 /* 1. Contains Duplicate.swift */ = {isa = PBXFileReference; lastKnownFileType = sourcecode.swift; path = "1. Contains Duplicate.swift"; sourceTree = "<group>"; };
		3AAAC10226C457EB00E4C994 /* 3. Find All Numbers Disappeared in an Array.swift */ = {isa = PBXFileReference; lastKnownFileType = sourcecode.swift; path = "3. Find All Numbers Disappeared in an Array.swift"; sourceTree = "<group>"; };
		3AAAC10426C45A2F00E4C994 /* README.md */ = {isa = PBXFileReference; lastKnownFileType = net.daringfireball.markdown; path = README.md; sourceTree = "<group>"; };
		3ABF220526C52DE300C59FE3 /* 4. Single Number.swift */ = {isa = PBXFileReference; lastKnownFileType = sourcecode.swift; path = "4. Single Number.swift"; sourceTree = "<group>"; };
		3ABF220726C532F900C59FE3 /* 5. Climbing Stairs.swift */ = {isa = PBXFileReference; lastKnownFileType = sourcecode.swift; path = "5. Climbing Stairs.swift"; sourceTree = "<group>"; };
/* End PBXFileReference section */

/* Begin PBXFrameworksBuildPhase section */
		3A441ED326C42F4B00A35046 /* Frameworks */ = {
			isa = PBXFrameworksBuildPhase;
			buildActionMask = 2147483647;
			files = (
			);
			runOnlyForDeploymentPostprocessing = 0;
		};
/* End PBXFrameworksBuildPhase section */

/* Begin PBXGroup section */
		3A441ECD26C42F4B00A35046 = {
			isa = PBXGroup;
			children = (
				3AAAC10426C45A2F00E4C994 /* README.md */,
				3A441ED826C42F4B00A35046 /* LeetcodePatterns */,
				3A441ED726C42F4B00A35046 /* Products */,
			);
			sourceTree = "<group>";
		};
		3A441ED726C42F4B00A35046 /* Products */ = {
			isa = PBXGroup;
			children = (
				3A441ED626C42F4B00A35046 /* LeetcodePatterns */,
			);
			name = Products;
			sourceTree = "<group>";
		};
		3A441ED826C42F4B00A35046 /* LeetcodePatterns */ = {
			isa = PBXGroup;
			children = (
				3A441ED926C42F4B00A35046 /* main.swift */,
				3A441EE226C4308F00A35046 /* 1. Contains Duplicate.swift */,
				3A441EE026C4303900A35046 /* 2. Missing number.swift */,
				3AAAC10226C457EB00E4C994 /* 3. Find All Numbers Disappeared in an Array.swift */,
				3ABF220526C52DE300C59FE3 /* 4. Single Number.swift */,
				3ABF220726C532F900C59FE3 /* 5. Climbing Stairs.swift */,
			);
			path = LeetcodePatterns;
			sourceTree = "<group>";
		};
/* End PBXGroup section */

/* Begin PBXNativeTarget section */
		3A441ED526C42F4B00A35046 /* LeetcodePatterns */ = {
			isa = PBXNativeTarget;
			buildConfigurationList = 3A441EDD26C42F4B00A35046 /* Build configuration list for PBXNativeTarget "LeetcodePatterns" */;
			buildPhases = (
				3A441ED226C42F4B00A35046 /* Sources */,
				3A441ED326C42F4B00A35046 /* Frameworks */,
				3A441ED426C42F4B00A35046 /* CopyFiles */,
			);
			buildRules = (
			);
			dependencies = (
			);
			name = LeetcodePatterns;
			productName = LeetcodePatterns;
			productReference = 3A441ED626C42F4B00A35046 /* LeetcodePatterns */;
			productType = "com.apple.product-type.tool";
		};
/* End PBXNativeTarget section */

/* Begin PBXProject section */
		3A441ECE26C42F4B00A35046 /* Project object */ = {
			isa = PBXProject;
			attributes = {
				BuildIndependentTargetsInParallel = 1;
				LastSwiftUpdateCheck = 1300;
				LastUpgradeCheck = 1300;
				TargetAttributes = {
					3A441ED526C42F4B00A35046 = {
						CreatedOnToolsVersion = 13.0;
					};
				};
			};
			buildConfigurationList = 3A441ED126C42F4B00A35046 /* Build configuration list for PBXProject "LeetcodePatterns" */;
			compatibilityVersion = "Xcode 13.0";
			developmentRegion = en;
			hasScannedForEncodings = 0;
			knownRegions = (
				en,
				Base,
			);
			mainGroup = 3A441ECD26C42F4B00A35046;
			productRefGroup = 3A441ED726C42F4B00A35046 /* Products */;
			projectDirPath = "";
			projectRoot = "";
			targets = (
				3A441ED526C42F4B00A35046 /* LeetcodePatterns */,
			);
		};
/* End PBXProject section */

/* Begin PBXSourcesBuildPhase section */
		3A441ED226C42F4B00A35046 /* Sources */ = {
			isa = PBXSourcesBuildPhase;
			buildActionMask = 2147483647;
			files = (
				3A441EDA26C42F4B00A35046 /* main.swift in Sources */,
				3ABF220826C532F900C59FE3 /* 5. Climbing Stairs.swift in Sources */,
				3A441EE126C4303900A35046 /* 2. Missing number.swift in Sources */,
				3AAAC10326C457EB00E4C994 /* 3. Find All Numbers Disappeared in an Array.swift in Sources */,
				3ABF220626C52DE300C59FE3 /* 4. Single Number.swift in Sources */,
				3A441EE326C4308F00A35046 /* 1. Contains Duplicate.swift in Sources */,
			);
			runOnlyForDeploymentPostprocessing = 0;
		};
/* End PBXSourcesBuildPhase section */

/* Begin XCBuildConfiguration section */
		3A441EDB26C42F4B00A35046 /* Debug */ = {
			isa = XCBuildConfiguration;
			buildSettings = {
				ALWAYS_SEARCH_USER_PATHS = NO;
				CLANG_ANALYZER_NONNULL = YES;
				CLANG_ANALYZER_NUMBER_OBJECT_CONVERSION = YES_AGGRESSIVE;
				CLANG_CXX_LANGUAGE_STANDARD = "gnu++17";
				CLANG_CXX_LIBRARY = "libc++";
				CLANG_ENABLE_MODULES = YES;
				CLANG_ENABLE_OBJC_ARC = YES;
				CLANG_ENABLE_OBJC_WEAK = YES;
				CLANG_WARN_BLOCK_CAPTURE_AUTORELEASING = YES;
				CLANG_WARN_BOOL_CONVERSION = YES;
				CLANG_WARN_COMMA = YES;
				CLANG_WARN_CONSTANT_CONVERSION = YES;
				CLANG_WARN_DEPRECATED_OBJC_IMPLEMENTATIONS = YES;
				CLANG_WARN_DIRECT_OBJC_ISA_USAGE = YES_ERROR;
				CLANG_WARN_DOCUMENTATION_COMMENTS = YES;
				CLANG_WARN_EMPTY_BODY = YES;
				CLANG_WARN_ENUM_CONVERSION = YES;
				CLANG_WARN_INFINITE_RECURSION = YES;
				CLANG_WARN_INT_CONVERSION = YES;
				CLANG_WARN_NON_LITERAL_NULL_CONVERSION = YES;
				CLANG_WARN_OBJC_IMPLICIT_RETAIN_SELF = YES;
				CLANG_WARN_OBJC_LITERAL_CONVERSION = YES;
				CLANG_WARN_OBJC_ROOT_CLASS = YES_ERROR;
				CLANG_WARN_QUOTED_INCLUDE_IN_FRAMEWORK_HEADER = YES;
				CLANG_WARN_RANGE_LOOP_ANALYSIS = YES;
				CLANG_WARN_STRICT_PROTOTYPES = YES;
				CLANG_WARN_SUSPICIOUS_MOVE = YES;
				CLANG_WARN_UNGUARDED_AVAILABILITY = YES_AGGRESSIVE;
				CLANG_WARN_UNREACHABLE_CODE = YES;
				CLANG_WARN__DUPLICATE_METHOD_MATCH = YES;
				COPY_PHASE_STRIP = NO;
				DEBUG_INFORMATION_FORMAT = dwarf;
				ENABLE_STRICT_OBJC_MSGSEND = YES;
				ENABLE_TESTABILITY = YES;
				GCC_C_LANGUAGE_STANDARD = gnu11;
				GCC_DYNAMIC_NO_PIC = NO;
				GCC_NO_COMMON_BLOCKS = YES;
				GCC_OPTIMIZATION_LEVEL = 0;
				GCC_PREPROCESSOR_DEFINITIONS = (
					"DEBUG=1",
					"$(inherited)",
				);
				GCC_WARN_64_TO_32_BIT_CONVERSION = YES;
				GCC_WARN_ABOUT_RETURN_TYPE = YES_ERROR;
				GCC_WARN_UNDECLARED_SELECTOR = YES;
				GCC_WARN_UNINITIALIZED_AUTOS = YES_AGGRESSIVE;
				GCC_WARN_UNUSED_FUNCTION = YES;
				GCC_WARN_UNUSED_VARIABLE = YES;
				MACOSX_DEPLOYMENT_TARGET = 12.0;
				MTL_ENABLE_DEBUG_INFO = INCLUDE_SOURCE;
				MTL_FAST_MATH = YES;
				ONLY_ACTIVE_ARCH = YES;
				SDKROOT = macosx;
				SWIFT_ACTIVE_COMPILATION_CONDITIONS = DEBUG;
				SWIFT_OPTIMIZATION_LEVEL = "-Onone";
			};
			name = Debug;
		};
		3A441EDC26C42F4B00A35046 /* Release */ = {
			isa = XCBuildConfiguration;
			buildSettings = {
				ALWAYS_SEARCH_USER_PATHS = NO;
				CLANG_ANALYZER_NONNULL = YES;
				CLANG_ANALYZER_NUMBER_OBJECT_CONVERSION = YES_AGGRESSIVE;
				CLANG_CXX_LANGUAGE_STANDARD = "gnu++17";
				CLANG_CXX_LIBRARY = "libc++";
				CLANG_ENABLE_MODULES = YES;
				CLANG_ENABLE_OBJC_ARC = YES;
				CLANG_ENABLE_OBJC_WEAK = YES;
				CLANG_WARN_BLOCK_CAPTURE_AUTORELEASING = YES;
				CLANG_WARN_BOOL_CONVERSION = YES;
				CLANG_WARN_COMMA = YES;
				CLANG_WARN_CONSTANT_CONVERSION = YES;
				CLANG_WARN_DEPRECATED_OBJC_IMPLEMENTATIONS = YES;
				CLANG_WARN_DIRECT_OBJC_ISA_USAGE = YES_ERROR;
				CLANG_WARN_DOCUMENTATION_COMMENTS = YES;
				CLANG_WARN_EMPTY_BODY = YES;
				CLANG_WARN_ENUM_CONVERSION = YES;
				CLANG_WARN_INFINITE_RECURSION = YES;
				CLANG_WARN_INT_CONVERSION = YES;
				CLANG_WARN_NON_LITERAL_NULL_CONVERSION = YES;
				CLANG_WARN_OBJC_IMPLICIT_RETAIN_SELF = YES;
				CLANG_WARN_OBJC_LITERAL_CONVERSION = YES;
				CLANG_WARN_OBJC_ROOT_CLASS = YES_ERROR;
				CLANG_WARN_QUOTED_INCLUDE_IN_FRAMEWORK_HEADER = YES;
				CLANG_WARN_RANGE_LOOP_ANALYSIS = YES;
				CLANG_WARN_STRICT_PROTOTYPES = YES;
				CLANG_WARN_SUSPICIOUS_MOVE = YES;
				CLANG_WARN_UNGUARDED_AVAILABILITY = YES_AGGRESSIVE;
				CLANG_WARN_UNREACHABLE_CODE = YES;
				CLANG_WARN__DUPLICATE_METHOD_MATCH = YES;
				COPY_PHASE_STRIP = NO;
				DEBUG_INFORMATION_FORMAT = "dwarf-with-dsym";
				ENABLE_NS_ASSERTIONS = NO;
				ENABLE_STRICT_OBJC_MSGSEND = YES;
				GCC_C_LANGUAGE_STANDARD = gnu11;
				GCC_NO_COMMON_BLOCKS = YES;
				GCC_WARN_64_TO_32_BIT_CONVERSION = YES;
				GCC_WARN_ABOUT_RETURN_TYPE = YES_ERROR;
				GCC_WARN_UNDECLARED_SELECTOR = YES;
				GCC_WARN_UNINITIALIZED_AUTOS = YES_AGGRESSIVE;
				GCC_WARN_UNUSED_FUNCTION = YES;
				GCC_WARN_UNUSED_VARIABLE = YES;
				MACOSX_DEPLOYMENT_TARGET = 12.0;
				MTL_ENABLE_DEBUG_INFO = NO;
				MTL_FAST_MATH = YES;
				SDKROOT = macosx;
				SWIFT_COMPILATION_MODE = wholemodule;
				SWIFT_OPTIMIZATION_LEVEL = "-O";
			};
			name = Release;
		};
		3A441EDE26C42F4B00A35046 /* Debug */ = {
			isa = XCBuildConfiguration;
			buildSettings = {
				CODE_SIGN_STYLE = Automatic;
				DEVELOPMENT_TEAM = 358V8FBM3U;
				ENABLE_HARDENED_RUNTIME = YES;
				PRODUCT_NAME = "$(TARGET_NAME)";
				SWIFT_VERSION = 5.0;
			};
			name = Debug;
		};
		3A441EDF26C42F4B00A35046 /* Release */ = {
			isa = XCBuildConfiguration;
			buildSettings = {
				CODE_SIGN_STYLE = Automatic;
				DEVELOPMENT_TEAM = 358V8FBM3U;
				ENABLE_HARDENED_RUNTIME = YES;
				PRODUCT_NAME = "$(TARGET_NAME)";
				SWIFT_VERSION = 5.0;
			};
			name = Release;
		};
/* End XCBuildConfiguration section */

/* Begin XCConfigurationList section */
		3A441ED126C42F4B00A35046 /* Build configuration list for PBXProject "LeetcodePatterns" */ = {
			isa = XCConfigurationList;
			buildConfigurations = (
				3A441EDB26C42F4B00A35046 /* Debug */,
				3A441EDC26C42F4B00A35046 /* Release */,
			);
			defaultConfigurationIsVisible = 0;
			defaultConfigurationName = Release;
		};
		3A441EDD26C42F4B00A35046 /* Build configuration list for PBXNativeTarget "LeetcodePatterns" */ = {
			isa = XCConfigurationList;
			buildConfigurations = (
				3A441EDE26C42F4B00A35046 /* Debug */,
				3A441EDF26C42F4B00A35046 /* Release */,
			);
			defaultConfigurationIsVisible = 0;
			defaultConfigurationName = Release;
		};
/* End XCConfigurationList section */
	};
	rootObject = 3A441ECE26C42F4B00A35046 /* Project object */;
}
